Microsoft Visual Studio Solution File, Format Version 12.00
# Visual Studio Version 17
VisualStudioVersion = 17.5.2.0
MinimumVisualStudioVersion = 10.0.40219.1
Project("{FAE04EC0-301F-11D3-BF4B-00C04F79EFBC}") = "azureblobstorageapi", "azureblobstorageapi.csproj", "{1EE74518-1F10-132F-16E9-0A41894BBC58}"
EndProject
Global
	GlobalSection(SolutionConfigurationPlatforms) = preSolution
		Debug|Any CPU = Debug|Any CPU
		Release|Any CPU = Release|Any CPU
	EndGlobalSection
	GlobalSection(ProjectConfigurationPlatforms) = postSolution
		{1EE74518-1F10-132F-16E9-0A41894BBC58}.Debug|Any CPU.ActiveCfg = Debug|Any CPU
		{1EE74518-1F10-132F-16E9-0A41894BBC58}.Debug|Any CPU.Build.0 = Debug|Any CPU
		{1EE74518-1F10-132F-16E9-0A41894BBC58}.Release|Any CPU.ActiveCfg = Release|Any CPU
		{1EE74518-1F10-132F-16E9-0A41894BBC58}.Release|Any CPU.Build.0 = Release|Any CPU
	EndGlobalSection
	GlobalSection(SolutionProperties) = preSolution
		HideSolutionNode = FALSE
	EndGlobalSection
	GlobalSection(ExtensibilityGlobals) = postSolution
		SolutionGuid = {FBEF80DF-BE67-4D2A-B311-7EB3B718D933}
	EndGlobalSection
EndGlobal
